{
  "name": "landing-page",
  "version": "1.0.0",
  "lockfileVersion": 1,
  "requires": true,
  "dependencies": {
    "collecticons-lib": {
      "version": "2.1.0",
      "resolved": "https://registry.npmjs.org/collecticons-lib/-/collecticons-lib-2.1.0.tgz",
      "integrity": "sha512-f4rcv1EX2i/MYCLe/UsMTH4ZlSBgZeoSBeFv4UrXAQ2EwbEov5G2LiWAJrzAKcznoZMPa8dmoEv33Gx0kvVE2w=="
    }
  }
}
